// !$*UTF8*$!
{
	archiveVersion = 1;
	classes = {
	};
	objectVersion = 55;
	objects = {

/* Begin PBXBuildFile section */
		7D541078277A04730064512F /* GayNYCApp.swift in Sources */ = {isa = PBXBuildFile; fileRef = 7D541077277A04730064512F /* GayNYCApp.swift */; };
		7D54107A277A04730064512F /* ContentView.swift in Sources */ = {isa = PBXBuildFile; fileRef = 7D541079277A04730064512F /* ContentView.swift */; };
		7D54107C277A04740064512F /* Assets.xcassets in Resources */ = {isa = PBXBuildFile; fileRef = 7D54107B277A04740064512F /* Assets.xcassets */; };
		7D54107F277A04740064512F /* Preview Assets.xcassets in Resources */ = {isa = PBXBuildFile; fileRef = 7D54107E277A04740064512F /* Preview Assets.xcassets */; };
		7D541089277A04740064512F /* GayNYCTests.swift in Sources */ = {isa = PBXBuildFile; fileRef = 7D541088277A04740064512F /* GayNYCTests.swift */; };
		7D541093277A04740064512F /* GayNYCUITests.swift in Sources */ = {isa = PBXBuildFile; fileRef = 7D541092277A04740064512F /* GayNYCUITests.swift */; };
		7D541095277A04740064512F /* GayNYCUITestsLaunchTests.swift in Sources */ = {isa = PBXBuildFile; fileRef = 7D541094277A04740064512F /* GayNYCUITestsLaunchTests.swift */; };
		7D5410A2277A083E0064512F /* CircleImage.swift in Sources */ = {isa = PBXBuildFile; fileRef = 7D5410A1277A083E0064512F /* CircleImage.swift */; };
		7D5410A4277A0DD50064512F /* MapView.swift in Sources */ = {isa = PBXBuildFile; fileRef = 7D5410A3277A0DD50064512F /* MapView.swift */; };
		7D5410A6277A1D5D0064512F /* landmarkData.json in Resources */ = {isa = PBXBuildFile; fileRef = 7D5410A5277A1D5D0064512F /* landmarkData.json */; };
		7D5410A8277A1D8A0064512F /* Landmark.swift in Sources */ = {isa = PBXBuildFile; fileRef = 7D5410A7277A1D8A0064512F /* Landmark.swift */; };
		7D5410AA277A1EFD0064512F /* ModelData.swift in Sources */ = {isa = PBXBuildFile; fileRef = 7D5410A9277A1EFD0064512F /* ModelData.swift */; };
		7D5410B0277A20FC0064512F /* LandmarkRow.swift in Sources */ = {isa = PBXBuildFile; fileRef = 7D5410AF277A20FC0064512F /* LandmarkRow.swift */; };
		7D5410B2277A26BF0064512F /* LandmarkList.swift in Sources */ = {isa = PBXBuildFile; fileRef = 7D5410B1277A26BF0064512F /* LandmarkList.swift */; };
		7D5410B6277A291B0064512F /* LandmarkDetail.swift in Sources */ = {isa = PBXBuildFile; fileRef = 7D5410B5277A291B0064512F /* LandmarkDetail.swift */; };
		7D5410B8277B63DE0064512F /* FavoriteButton.swift in Sources */ = {isa = PBXBuildFile; fileRef = 7D5410B7277B63DE0064512F /* FavoriteButton.swift */; };
		7D5410BD277B704A0064512F /* CategoryHome.swift in Sources */ = {isa = PBXBuildFile; fileRef = 7D5410BC277B704A0064512F /* CategoryHome.swift */; };
		7D5410BF277B72C00064512F /* CategoryRow.swift in Sources */ = {isa = PBXBuildFile; fileRef = 7D5410BE277B72C00064512F /* CategoryRow.swift */; };
		7D5410C1277B741E0064512F /* CategoryItem.swift in Sources */ = {isa = PBXBuildFile; fileRef = 7D5410C0277B741E0064512F /* CategoryItem.swift */; };
/* End PBXBuildFile section */

/* Begin PBXContainerItemProxy section */
		7D541085277A04740064512F /* PBXContainerItemProxy */ = {
			isa = PBXContainerItemProxy;
			containerPortal = 7D54106C277A04730064512F /* Project object */;
			proxyType = 1;
			remoteGlobalIDString = 7D541073277A04730064512F;
			remoteInfo = GayNYC;
		};
		7D54108F277A04740064512F /* PBXContainerItemProxy */ = {
			isa = PBXContainerItemProxy;
			containerPortal = 7D54106C277A04730064512F /* Project object */;
			proxyType = 1;
			remoteGlobalIDString = 7D541073277A04730064512F;
			remoteInfo = GayNYC;
		};
/* End PBXContainerItemProxy section */

/* Begin PBXFileReference section */
		7D541074277A04730064512F /* GayNYC.app */ = {isa = PBXFileReference; explicitFileType = wrapper.application; includeInIndex = 0; path = GayNYC.app; sourceTree = BUILT_PRODUCTS_DIR; };
		7D541077277A04730064512F /* GayNYCApp.swift */ = {isa = PBXFileReference; lastKnownFileType = sourcecode.swift; path = GayNYCApp.swift; sourceTree = "<group>"; };
		7D541079277A04730064512F /* ContentView.swift */ = {isa = PBXFileReference; lastKnownFileType = sourcecode.swift; path = ContentView.swift; sourceTree = "<group>"; };
		7D54107B277A04740064512F /* Assets.xcassets */ = {isa = PBXFileReference; lastKnownFileType = folder.assetcatalog; path = Assets.xcassets; sourceTree = "<group>"; };
		7D54107E277A04740064512F /* Preview Assets.xcassets */ = {isa = PBXFileReference; lastKnownFileType = folder.assetcatalog; path = "Preview Assets.xcassets"; sourceTree = "<group>"; };
		7D541084277A04740064512F /* GayNYCTests.xctest */ = {isa = PBXFileReference; explicitFileType = wrapper.cfbundle; includeInIndex = 0; path = GayNYCTests.xctest; sourceTree = BUILT_PRODUCTS_DIR; };
		7D541088277A04740064512F /* GayNYCTests.swift */ = {isa = PBXFileReference; lastKnownFileType = sourcecode.swift; path = GayNYCTests.swift; sourceTree = "<group>"; };
		7D54108E277A04740064512F /* GayNYCUITests.xctest */ = {isa = PBXFileReference; explicitFileType = wrapper.cfbundle; includeInIndex = 0; path = GayNYCUITests.xctest; sourceTree = BUILT_PRODUCTS_DIR; };
		7D541092277A04740064512F /* GayNYCUITests.swift */ = {isa = PBXFileReference; lastKnownFileType = sourcecode.swift; path = GayNYCUITests.swift; sourceTree = "<group>"; };
		7D541094277A04740064512F /* GayNYCUITestsLaunchTests.swift */ = {isa = PBXFileReference; lastKnownFileType = sourcecode.swift; path = GayNYCUITestsLaunchTests.swift; sourceTree = "<group>"; };
		7D5410A1277A083E0064512F /* CircleImage.swift */ = {isa = PBXFileReference; lastKnownFileType = sourcecode.swift; path = CircleImage.swift; sourceTree = "<group>"; };
		7D5410A3277A0DD50064512F /* MapView.swift */ = {isa = PBXFileReference; lastKnownFileType = sourcecode.swift; path = MapView.swift; sourceTree = "<group>"; };
		7D5410A5277A1D5D0064512F /* landmarkData.json */ = {isa = PBXFileReference; fileEncoding = 4; lastKnownFileType = text.json; path = landmarkData.json; sourceTree = "<group>"; };
		7D5410A7277A1D8A0064512F /* Landmark.swift */ = {isa = PBXFileReference; lastKnownFileType = sourcecode.swift; path = Landmark.swift; sourceTree = "<group>"; };
		7D5410A9277A1EFD0064512F /* ModelData.swift */ = {isa = PBXFileReference; lastKnownFileType = sourcecode.swift; path = ModelData.swift; sourceTree = "<group>"; };
		7D5410AF277A20FC0064512F /* LandmarkRow.swift */ = {isa = PBXFileReference; lastKnownFileType = sourcecode.swift; path = LandmarkRow.swift; sourceTree = "<group>"; };
		7D5410B1277A26BF0064512F /* LandmarkList.swift */ = {isa = PBXFileReference; lastKnownFileType = sourcecode.swift; path = LandmarkList.swift; sourceTree = "<group>"; };
		7D5410B5277A291B0064512F /* LandmarkDetail.swift */ = {isa = PBXFileReference; lastKnownFileType = sourcecode.swift; path = LandmarkDetail.swift; sourceTree = "<group>"; };
		7D5410B7277B63DE0064512F /* FavoriteButton.swift */ = {isa = PBXFileReference; lastKnownFileType = sourcecode.swift; path = FavoriteButton.swift; sourceTree = "<group>"; };
		7D5410BC277B704A0064512F /* CategoryHome.swift */ = {isa = PBXFileReference; lastKnownFileType = sourcecode.swift; path = CategoryHome.swift; sourceTree = "<group>"; };
		7D5410BE277B72C00064512F /* CategoryRow.swift */ = {isa = PBXFileReference; lastKnownFileType = sourcecode.swift; path = CategoryRow.swift; sourceTree = "<group>"; };
		7D5410C0277B741E0064512F /* CategoryItem.swift */ = {isa = PBXFileReference; lastKnownFileType = sourcecode.swift; path = CategoryItem.swift; sourceTree = "<group>"; };
/* End PBXFileReference section */

/* Begin PBXFrameworksBuildPhase section */
		7D541071277A04730064512F /* Frameworks */ = {
			isa = PBXFrameworksBuildPhase;
			buildActionMask = 2147483647;
			files = (
			);
			runOnlyForDeploymentPostprocessing = 0;
		};
		7D541081277A04740064512F /* Frameworks */ = {
			isa = PBXFrameworksBuildPhase;
			buildActionMask = 2147483647;
			files = (
			);
			runOnlyForDeploymentPostprocessing = 0;
		};
		7D54108B277A04740064512F /* Frameworks */ = {
			isa = PBXFrameworksBuildPhase;
			buildActionMask = 2147483647;
			files = (
			);
			runOnlyForDeploymentPostprocessing = 0;
		};
/* End PBXFrameworksBuildPhase section */

/* Begin PBXGroup section */
		7D54106B277A04730064512F = {
			isa = PBXGroup;
			children = (
				7D541076277A04730064512F /* GayNYC */,
				7D541087277A04740064512F /* GayNYCTests */,
				7D541091277A04740064512F /* GayNYCUITests */,
				7D541075277A04730064512F /* Products */,
			);
			sourceTree = "<group>";
		};
		7D541075277A04730064512F /* Products */ = {
			isa = PBXGroup;
			children = (
				7D541074277A04730064512F /* GayNYC.app */,
				7D541084277A04740064512F /* GayNYCTests.xctest */,
				7D54108E277A04740064512F /* GayNYCUITests.xctest */,
			);
			name = Products;
			sourceTree = "<group>";
		};
		7D541076277A04730064512F /* GayNYC */ = {
			isa = PBXGroup;
			children = (
				7D541077277A04730064512F /* GayNYCApp.swift */,
				7D5410AC277A209C0064512F /* Views */,
				7D5410AE277A20B20064512F /* Model */,
				7D5410AD277A20A70064512F /* Resources */,
				7D54107B277A04740064512F /* Assets.xcassets */,
				7D54107D277A04740064512F /* Preview Content */,
			);
			path = GayNYC;
			sourceTree = "<group>";
		};
		7D54107D277A04740064512F /* Preview Content */ = {
			isa = PBXGroup;
			children = (
				7D54107E277A04740064512F /* Preview Assets.xcassets */,
			);
			path = "Preview Content";
			sourceTree = "<group>";
		};
		7D541087277A04740064512F /* GayNYCTests */ = {
			isa = PBXGroup;
			children = (
				7D541088277A04740064512F /* GayNYCTests.swift */,
			);
			path = GayNYCTests;
			sourceTree = "<group>";
		};
		7D541091277A04740064512F /* GayNYCUITests */ = {
			isa = PBXGroup;
			children = (
				7D541092277A04740064512F /* GayNYCUITests.swift */,
				7D541094277A04740064512F /* GayNYCUITestsLaunchTests.swift */,
			);
			path = GayNYCUITests;
			sourceTree = "<group>";
		};
		7D5410AC277A209C0064512F /* Views */ = {
			isa = PBXGroup;
			children = (
				7D541079277A04730064512F /* ContentView.swift */,
				7D5410BB277B70310064512F /* Categories */,
				7D5410B9277B64AA0064512F /* Helpers */,
				7D5410BA277B64B30064512F /* Landmarks */,
			);
			path = Views;
			sourceTree = "<group>";
		};
		7D5410AD277A20A70064512F /* Resources */ = {
			isa = PBXGroup;
			children = (
				7D5410A5277A1D5D0064512F /* landmarkData.json */,
			);
			path = Resources;
			sourceTree = "<group>";
		};
		7D5410AE277A20B20064512F /* Model */ = {
			isa = PBXGroup;
			children = (
				7D5410A7277A1D8A0064512F /* Landmark.swift */,
				7D5410A9277A1EFD0064512F /* ModelData.swift */,
			);
			path = Model;
			sourceTree = "<group>";
		};
		7D5410B9277B64AA0064512F /* Helpers */ = {
			isa = PBXGroup;
			children = (
				7D5410A1277A083E0064512F /* CircleImage.swift */,
				7D5410A3277A0DD50064512F /* MapView.swift */,
				7D5410B7277B63DE0064512F /* FavoriteButton.swift */,
			);
			path = Helpers;
			sourceTree = "<group>";
		};
		7D5410BA277B64B30064512F /* Landmarks */ = {
			isa = PBXGroup;
			children = (
				7D5410AF277A20FC0064512F /* LandmarkRow.swift */,
				7D5410B1277A26BF0064512F /* LandmarkList.swift */,
				7D5410B5277A291B0064512F /* LandmarkDetail.swift */,
			);
			path = Landmarks;
			sourceTree = "<group>";
		};
		7D5410BB277B70310064512F /* Categories */ = {
			isa = PBXGroup;
			children = (
				7D5410BC277B704A0064512F /* CategoryHome.swift */,
				7D5410BE277B72C00064512F /* CategoryRow.swift */,
				7D5410C0277B741E0064512F /* CategoryItem.swift */,
			);
			path = Categories;
			sourceTree = "<group>";
		};
/* End PBXGroup section */

/* Begin PBXNativeTarget section */
		7D541073277A04730064512F /* GayNYC */ = {
			isa = PBXNativeTarget;
			buildConfigurationList = 7D541098277A04740064512F /* Build configuration list for PBXNativeTarget "GayNYC" */;
			buildPhases = (
				7D541070277A04730064512F /* Sources */,
				7D541071277A04730064512F /* Frameworks */,
				7D541072277A04730064512F /* Resources */,
			);
			buildRules = (
			);
			dependencies = (
			);
			name = GayNYC;
			productName = GayNYC;
			productReference = 7D541074277A04730064512F /* GayNYC.app */;
			productType = "com.apple.product-type.application";
		};
		7D541083277A04740064512F /* GayNYCTests */ = {
			isa = PBXNativeTarget;
			buildConfigurationList = 7D54109B277A04740064512F /* Build configuration list for PBXNativeTarget "GayNYCTests" */;
			buildPhases = (
				7D541080277A04740064512F /* Sources */,
				7D541081277A04740064512F /* Frameworks */,
				7D541082277A04740064512F /* Resources */,
			);
			buildRules = (
			);
			dependencies = (
				7D541086277A04740064512F /* PBXTargetDependency */,
			);
			name = GayNYCTests;
			productName = GayNYCTests;
			productReference = 7D541084277A04740064512F /* GayNYCTests.xctest */;
			productType = "com.apple.product-type.bundle.unit-test";
		};
		7D54108D277A04740064512F /* GayNYCUITests */ = {
			isa = PBXNativeTarget;
			buildConfigurationList = 7D54109E277A04740064512F /* Build configuration list for PBXNativeTarget "GayNYCUITests" */;
			buildPhases = (
				7D54108A277A04740064512F /* Sources */,
				7D54108B277A04740064512F /* Frameworks */,
				7D54108C277A04740064512F /* Resources */,
			);
			buildRules = (
			);
			dependencies = (
				7D541090277A04740064512F /* PBXTargetDependency */,
			);
			name = GayNYCUITests;
			productName = GayNYCUITests;
			productReference = 7D54108E277A04740064512F /* GayNYCUITests.xctest */;
			productType = "com.apple.product-type.bundle.ui-testing";
		};
/* End PBXNativeTarget section */

/* Begin PBXProject section */
		7D54106C277A04730064512F /* Project object */ = {
			isa = PBXProject;
			attributes = {
				BuildIndependentTargetsInParallel = 1;
				LastSwiftUpdateCheck = 1320;
				LastUpgradeCheck = 1320;
				TargetAttributes = {
					7D541073277A04730064512F = {
						CreatedOnToolsVersion = 13.2.1;
					};
					7D541083277A04740064512F = {
						CreatedOnToolsVersion = 13.2.1;
						TestTargetID = 7D541073277A04730064512F;
					};
					7D54108D277A04740064512F = {
						CreatedOnToolsVersion = 13.2.1;
						TestTargetID = 7D541073277A04730064512F;
					};
				};
			};
			buildConfigurationList = 7D54106F277A04730064512F /* Build configuration list for PBXProject "GayNYC" */;
			compatibilityVersion = "Xcode 13.0";
			developmentRegion = en;
			hasScannedForEncodings = 0;
			knownRegions = (
				en,
				Base,
			);
			mainGroup = 7D54106B277A04730064512F;
			productRefGroup = 7D541075277A04730064512F /* Products */;
			projectDirPath = "";
			projectRoot = "";
			targets = (
				7D541073277A04730064512F /* GayNYC */,
				7D541083277A04740064512F /* GayNYCTests */,
				7D54108D277A04740064512F /* GayNYCUITests */,
			);
		};
/* End PBXProject section */

/* Begin PBXResourcesBuildPhase section */
		7D541072277A04730064512F /* Resources */ = {
			isa = PBXResourcesBuildPhase;
			buildActionMask = 2147483647;
			files = (
				7D54107F277A04740064512F /* Preview Assets.xcassets in Resources */,
				7D54107C277A04740064512F /* Assets.xcassets in Resources */,
				7D5410A6277A1D5D0064512F /* landmarkData.json in Resources */,
			);
			runOnlyForDeploymentPostprocessing = 0;
		};
		7D541082277A04740064512F /* Resources */ = {
			isa = PBXResourcesBuildPhase;
			buildActionMask = 2147483647;
			files = (
			);
			runOnlyForDeploymentPostprocessing = 0;
		};
		7D54108C277A04740064512F /* Resources */ = {
			isa = PBXResourcesBuildPhase;
			buildActionMask = 2147483647;
			files = (
			);
			runOnlyForDeploymentPostprocessing = 0;
		};
/* End PBXResourcesBuildPhase section */

/* Begin PBXSourcesBuildPhase section */
		7D541070277A04730064512F /* Sources */ = {
			isa = PBXSourcesBuildPhase;
			buildActionMask = 2147483647;
			files = (
				7D54107A277A04730064512F /* ContentView.swift in Sources */,
				7D5410A4277A0DD50064512F /* MapView.swift in Sources */,
				7D541078277A04730064512F /* GayNYCApp.swift in Sources */,
				7D5410B8277B63DE0064512F /* FavoriteButton.swift in Sources */,
				7D5410BD277B704A0064512F /* CategoryHome.swift in Sources */,
				7D5410B2277A26BF0064512F /* LandmarkList.swift in Sources */,
				7D5410B6277A291B0064512F /* LandmarkDetail.swift in Sources */,
				7D5410A2277A083E0064512F /* CircleImage.swift in Sources */,
				7D5410C1277B741E0064512F /* CategoryItem.swift in Sources */,
				7D5410A8277A1D8A0064512F /* Landmark.swift in Sources */,
				7D5410B0277A20FC0064512F /* LandmarkRow.swift in Sources */,
				7D5410BF277B72C00064512F /* CategoryRow.swift in Sources */,
				7D5410AA277A1EFD0064512F /* ModelData.swift in Sources */,
			);
			runOnlyForDeploymentPostprocessing = 0;
		};
		7D541080277A04740064512F /* Sources */ = {
			isa = PBXSourcesBuildPhase;
			buildActionMask = 2147483647;
			files = (
				7D541089277A04740064512F /* GayNYCTests.swift in Sources */,
			);
			runOnlyForDeploymentPostprocessing = 0;
		};
		7D54108A277A04740064512F /* Sources */ = {
			isa = PBXSourcesBuildPhase;
			buildActionMask = 2147483647;
			files = (
				7D541093277A04740064512F /* GayNYCUITests.swift in Sources */,
				7D541095277A04740064512F /* GayNYCUITestsLaunchTests.swift in Sources */,
			);
			runOnlyForDeploymentPostprocessing = 0;
		};
/* End PBXSourcesBuildPhase section */

/* Begin PBXTargetDependency section */
		7D541086277A04740064512F /* PBXTargetDependency */ = {
			isa = PBXTargetDependency;
			target = 7D541073277A04730064512F /* GayNYC */;
			targetProxy = 7D541085277A04740064512F /* PBXContainerItemProxy */;
		};
		7D541090277A04740064512F /* PBXTargetDependency */ = {
			isa = PBXTargetDependency;
			target = 7D541073277A04730064512F /* GayNYC */;
			targetProxy = 7D54108F277A04740064512F /* PBXContainerItemProxy */;
		};
/* End PBXTargetDependency section */

/* Begin XCBuildConfiguration section */
		7D541096277A04740064512F /* Debug */ = {
			isa = XCBuildConfiguration;
			buildSettings = {
				ALWAYS_SEARCH_USER_PATHS = NO;
				CLANG_ANALYZER_NONNULL = YES;
				CLANG_ANALYZER_NUMBER_OBJECT_CONVERSION = YES_AGGRESSIVE;
				CLANG_CXX_LANGUAGE_STANDARD = "gnu++17";
				CLANG_CXX_LIBRARY = "libc++";
				CLANG_ENABLE_MODULES = YES;
				CLANG_ENABLE_OBJC_ARC = YES;
				CLANG_ENABLE_OBJC_WEAK = YES;
				CLANG_WARN_BLOCK_CAPTURE_AUTORELEASING = YES;
				CLANG_WARN_BOOL_CONVERSION = YES;
				CLANG_WARN_COMMA = YES;
				CLANG_WARN_CONSTANT_CONVERSION = YES;
				CLANG_WARN_DEPRECATED_OBJC_IMPLEMENTATIONS = YES;
				CLANG_WARN_DIRECT_OBJC_ISA_USAGE = YES_ERROR;
				CLANG_WARN_DOCUMENTATION_COMMENTS = YES;
				CLANG_WARN_EMPTY_BODY = YES;
				CLANG_WARN_ENUM_CONVERSION = YES;
				CLANG_WARN_INFINITE_RECURSION = YES;
				CLANG_WARN_INT_CONVERSION = YES;
				CLANG_WARN_NON_LITERAL_NULL_CONVERSION = YES;
				CLANG_WARN_OBJC_IMPLICIT_RETAIN_SELF = YES;
				CLANG_WARN_OBJC_LITERAL_CONVERSION = YES;
				CLANG_WARN_OBJC_ROOT_CLASS = YES_ERROR;
				CLANG_WARN_QUOTED_INCLUDE_IN_FRAMEWORK_HEADER = YES;
				CLANG_WARN_RANGE_LOOP_ANALYSIS = YES;
				CLANG_WARN_STRICT_PROTOTYPES = YES;
				CLANG_WARN_SUSPICIOUS_MOVE = YES;
				CLANG_WARN_UNGUARDED_AVAILABILITY = YES_AGGRESSIVE;
				CLANG_WARN_UNREACHABLE_CODE = YES;
				CLANG_WARN__DUPLICATE_METHOD_MATCH = YES;
				COPY_PHASE_STRIP = NO;
				DEBUG_INFORMATION_FORMAT = dwarf;
				ENABLE_STRICT_OBJC_MSGSEND = YES;
				ENABLE_TESTABILITY = YES;
				GCC_C_LANGUAGE_STANDARD = gnu11;
				GCC_DYNAMIC_NO_PIC = NO;
				GCC_NO_COMMON_BLOCKS = YES;
				GCC_OPTIMIZATION_LEVEL = 0;
				GCC_PREPROCESSOR_DEFINITIONS = (
					"DEBUG=1",
					"$(inherited)",
				);
				GCC_WARN_64_TO_32_BIT_CONVERSION = YES;
				GCC_WARN_ABOUT_RETURN_TYPE = YES_ERROR;
				GCC_WARN_UNDECLARED_SELECTOR = YES;
				GCC_WARN_UNINITIALIZED_AUTOS = YES_AGGRESSIVE;
				GCC_WARN_UNUSED_FUNCTION = YES;
				GCC_WARN_UNUSED_VARIABLE = YES;
				IPHONEOS_DEPLOYMENT_TARGET = 15.2;
				MTL_ENABLE_DEBUG_INFO = INCLUDE_SOURCE;
				MTL_FAST_MATH = YES;
				ONLY_ACTIVE_ARCH = YES;
				SDKROOT = iphoneos;
				SWIFT_ACTIVE_COMPILATION_CONDITIONS = DEBUG;
				SWIFT_OPTIMIZATION_LEVEL = "-Onone";
			};
			name = Debug;
		};
		7D541097277A04740064512F /* Release */ = {
			isa = XCBuildConfiguration;
			buildSettings = {
				ALWAYS_SEARCH_USER_PATHS = NO;
				CLANG_ANALYZER_NONNULL = YES;
				CLANG_ANALYZER_NUMBER_OBJECT_CONVERSION = YES_AGGRESSIVE;
				CLANG_CXX_LANGUAGE_STANDARD = "gnu++17";
				CLANG_CXX_LIBRARY = "libc++";
				CLANG_ENABLE_MODULES = YES;
				CLANG_ENABLE_OBJC_ARC = YES;
				CLANG_ENABLE_OBJC_WEAK = YES;
				CLANG_WARN_BLOCK_CAPTURE_AUTORELEASING = YES;
				CLANG_WARN_BOOL_CONVERSION = YES;
				CLANG_WARN_COMMA = YES;
				CLANG_WARN_CONSTANT_CONVERSION = YES;
				CLANG_WARN_DEPRECATED_OBJC_IMPLEMENTATIONS = YES;
				CLANG_WARN_DIRECT_OBJC_ISA_USAGE = YES_ERROR;
				CLANG_WARN_DOCUMENTATION_COMMENTS = YES;
				CLANG_WARN_EMPTY_BODY = YES;
				CLANG_WARN_ENUM_CONVERSION = YES;
				CLANG_WARN_INFINITE_RECURSION = YES;
				CLANG_WARN_INT_CONVERSION = YES;
				CLANG_WARN_NON_LITERAL_NULL_CONVERSION = YES;
				CLANG_WARN_OBJC_IMPLICIT_RETAIN_SELF = YES;
				CLANG_WARN_OBJC_LITERAL_CONVERSION = YES;
				CLANG_WARN_OBJC_ROOT_CLASS = YES_ERROR;
				CLANG_WARN_QUOTED_INCLUDE_IN_FRAMEWORK_HEADER = YES;
				CLANG_WARN_RANGE_LOOP_ANALYSIS = YES;
				CLANG_WARN_STRICT_PROTOTYPES = YES;
				CLANG_WARN_SUSPICIOUS_MOVE = YES;
				CLANG_WARN_UNGUARDED_AVAILABILITY = YES_AGGRESSIVE;
				CLANG_WARN_UNREACHABLE_CODE = YES;
				CLANG_WARN__DUPLICATE_METHOD_MATCH = YES;
				COPY_PHASE_STRIP = NO;
				DEBUG_INFORMATION_FORMAT = "dwarf-with-dsym";
				ENABLE_NS_ASSERTIONS = NO;
				ENABLE_STRICT_OBJC_MSGSEND = YES;
				GCC_C_LANGUAGE_STANDARD = gnu11;
				GCC_NO_COMMON_BLOCKS = YES;
				GCC_WARN_64_TO_32_BIT_CONVERSION = YES;
				GCC_WARN_ABOUT_RETURN_TYPE = YES_ERROR;
				GCC_WARN_UNDECLARED_SELECTOR = YES;
				GCC_WARN_UNINITIALIZED_AUTOS = YES_AGGRESSIVE;
				GCC_WARN_UNUSED_FUNCTION = YES;
				GCC_WARN_UNUSED_VARIABLE = YES;
				IPHONEOS_DEPLOYMENT_TARGET = 15.2;
				MTL_ENABLE_DEBUG_INFO = NO;
				MTL_FAST_MATH = YES;
				SDKROOT = iphoneos;
				SWIFT_COMPILATION_MODE = wholemodule;
				SWIFT_OPTIMIZATION_LEVEL = "-O";
				VALIDATE_PRODUCT = YES;
			};
			name = Release;
		};
		7D541099277A04740064512F /* Debug */ = {
			isa = XCBuildConfiguration;
			buildSettings = {
				ASSETCATALOG_COMPILER_APPICON_NAME = AppIcon;
				ASSETCATALOG_COMPILER_GLOBAL_ACCENT_COLOR_NAME = AccentColor;
				CODE_SIGN_STYLE = Automatic;
				CURRENT_PROJECT_VERSION = 1;
				DEVELOPMENT_ASSET_PATHS = "\"GayNYC/Preview Content\"";
				DEVELOPMENT_TEAM = G6KM249W3Y;
				ENABLE_PREVIEWS = YES;
				GENERATE_INFOPLIST_FILE = YES;
				INFOPLIST_KEY_UIApplicationSceneManifest_Generation = YES;
				INFOPLIST_KEY_UIApplicationSupportsIndirectInputEvents = YES;
				INFOPLIST_KEY_UILaunchScreen_Generation = YES;
				INFOPLIST_KEY_UISupportedInterfaceOrientations_iPad = "UIInterfaceOrientationPortrait UIInterfaceOrientationPortraitUpsideDown UIInterfaceOrientationLandscapeLeft UIInterfaceOrientationLandscapeRight";
				INFOPLIST_KEY_UISupportedInterfaceOrientations_iPhone = "UIInterfaceOrientationPortrait UIInterfaceOrientationLandscapeLeft UIInterfaceOrientationLandscapeRight";
				LD_RUNPATH_SEARCH_PATHS = (
					"$(inherited)",
					"@executable_path/Frameworks",
				);
				MARKETING_VERSION = 1.0;
				PRODUCT_BUNDLE_IDENTIFIER = edu.columbia.GayNYC;
				PRODUCT_NAME = "$(TARGET_NAME)";
				SWIFT_EMIT_LOC_STRINGS = YES;
				SWIFT_VERSION = 5.0;
				TARGETED_DEVICE_FAMILY = "1,2";
			};
			name = Debug;
		};
		7D54109A277A04740064512F /* Release */ = {
			isa = XCBuildConfiguration;
			buildSettings = {
				ASSETCATALOG_COMPILER_APPICON_NAME = AppIcon;
				ASSETCATALOG_COMPILER_GLOBAL_ACCENT_COLOR_NAME = AccentColor;
				CODE_SIGN_STYLE = Automatic;
				CURRENT_PROJECT_VERSION = 1;
				DEVELOPMENT_ASSET_PATHS = "\"GayNYC/Preview Content\"";
				DEVELOPMENT_TEAM = G6KM249W3Y;
				ENABLE_PREVIEWS = YES;
				GENERATE_INFOPLIST_FILE = YES;
				INFOPLIST_KEY_UIApplicationSceneManifest_Generation = YES;
				INFOPLIST_KEY_UIApplicationSupportsIndirectInputEvents = YES;
				INFOPLIST_KEY_UILaunchScreen_Generation = YES;
				INFOPLIST_KEY_UISupportedInterfaceOrientations_iPad = "UIInterfaceOrientationPortrait UIInterfaceOrientationPortraitUpsideDown UIInterfaceOrientationLandscapeLeft UIInterfaceOrientationLandscapeRight";
				INFOPLIST_KEY_UISupportedInterfaceOrientations_iPhone = "UIInterfaceOrientationPortrait UIInterfaceOrientationLandscapeLeft UIInterfaceOrientationLandscapeRight";
				LD_RUNPATH_SEARCH_PATHS = (
					"$(inherited)",
					"@executable_path/Frameworks",
				);
				MARKETING_VERSION = 1.0;
				PRODUCT_BUNDLE_IDENTIFIER = edu.columbia.GayNYC;
				PRODUCT_NAME = "$(TARGET_NAME)";
				SWIFT_EMIT_LOC_STRINGS = YES;
				SWIFT_VERSION = 5.0;
				TARGETED_DEVICE_FAMILY = "1,2";
			};
			name = Release;
		};
		7D54109C277A04740064512F /* Debug */ = {
			isa = XCBuildConfiguration;
			buildSettings = {
				ALWAYS_EMBED_SWIFT_STANDARD_LIBRARIES = YES;
				BUNDLE_LOADER = "$(TEST_HOST)";
				CODE_SIGN_STYLE = Automatic;
				CURRENT_PROJECT_VERSION = 1;
				DEVELOPMENT_TEAM = G6KM249W3Y;
				GENERATE_INFOPLIST_FILE = YES;
				IPHONEOS_DEPLOYMENT_TARGET = 15.2;
				MARKETING_VERSION = 1.0;
				PRODUCT_BUNDLE_IDENTIFIER = edu.columbia.GayNYCTests;
				PRODUCT_NAME = "$(TARGET_NAME)";
				SWIFT_EMIT_LOC_STRINGS = NO;
				SWIFT_VERSION = 5.0;
				TARGETED_DEVICE_FAMILY = "1,2";
				TEST_HOST = "$(BUILT_PRODUCTS_DIR)/GayNYC.app/GayNYC";
			};
			name = Debug;
		};
		7D54109D277A04740064512F /* Release */ = {
			isa = XCBuildConfiguration;
			buildSettings = {
				ALWAYS_EMBED_SWIFT_STANDARD_LIBRARIES = YES;
				BUNDLE_LOADER = "$(TEST_HOST)";
				CODE_SIGN_STYLE = Automatic;
				CURRENT_PROJECT_VERSION = 1;
				DEVELOPMENT_TEAM = G6KM249W3Y;
				GENERATE_INFOPLIST_FILE = YES;
				IPHONEOS_DEPLOYMENT_TARGET = 15.2;
				MARKETING_VERSION = 1.0;
				PRODUCT_BUNDLE_IDENTIFIER = edu.columbia.GayNYCTests;
				PRODUCT_NAME = "$(TARGET_NAME)";
				SWIFT_EMIT_LOC_STRINGS = NO;
				SWIFT_VERSION = 5.0;
				TARGETED_DEVICE_FAMILY = "1,2";
				TEST_HOST = "$(BUILT_PRODUCTS_DIR)/GayNYC.app/GayNYC";
			};
			name = Release;
		};
		7D54109F277A04740064512F /* Debug */ = {
			isa = XCBuildConfiguration;
			buildSettings = {
				ALWAYS_EMBED_SWIFT_STANDARD_LIBRARIES = YES;
				CODE_SIGN_STYLE = Automatic;
				CURRENT_PROJECT_VERSION = 1;
				DEVELOPMENT_TEAM = G6KM249W3Y;
				GENERATE_INFOPLIST_FILE = YES;
				MARKETING_VERSION = 1.0;
				PRODUCT_BUNDLE_IDENTIFIER = edu.columbia.GayNYCUITests;
				PRODUCT_NAME = "$(TARGET_NAME)";
				SWIFT_EMIT_LOC_STRINGS = NO;
				SWIFT_VERSION = 5.0;
				TARGETED_DEVICE_FAMILY = "1,2";
				TEST_TARGET_NAME = GayNYC;
			};
			name = Debug;
		};
		7D5410A0277A04740064512F /* Release */ = {
			isa = XCBuildConfiguration;
			buildSettings = {
				ALWAYS_EMBED_SWIFT_STANDARD_LIBRARIES = YES;
				CODE_SIGN_STYLE = Automatic;
				CURRENT_PROJECT_VERSION = 1;
				DEVELOPMENT_TEAM = G6KM249W3Y;
				GENERATE_INFOPLIST_FILE = YES;
				MARKETING_VERSION = 1.0;
				PRODUCT_BUNDLE_IDENTIFIER = edu.columbia.GayNYCUITests;
				PRODUCT_NAME = "$(TARGET_NAME)";
				SWIFT_EMIT_LOC_STRINGS = NO;
				SWIFT_VERSION = 5.0;
				TARGETED_DEVICE_FAMILY = "1,2";
				TEST_TARGET_NAME = GayNYC;
			};
			name = Release;
		};
/* End XCBuildConfiguration section */

/* Begin XCConfigurationList section */
		7D54106F277A04730064512F /* Build configuration list for PBXProject "GayNYC" */ = {
			isa = XCConfigurationList;
			buildConfigurations = (
				7D541096277A04740064512F /* Debug */,
				7D541097277A04740064512F /* Release */,
			);
			defaultConfigurationIsVisible = 0;
			defaultConfigurationName = Release;
		};
		7D541098277A04740064512F /* Build configuration list for PBXNativeTarget "GayNYC" */ = {
			isa = XCConfigurationList;
			buildConfigurations = (
				7D541099277A04740064512F /* Debug */,
				7D54109A277A04740064512F /* Release */,
			);
			defaultConfigurationIsVisible = 0;
			defaultConfigurationName = Release;
		};
		7D54109B277A04740064512F /* Build configuration list for PBXNativeTarget "GayNYCTests" */ = {
			isa = XCConfigurationList;
			buildConfigurations = (
				7D54109C277A04740064512F /* Debug */,
				7D54109D277A04740064512F /* Release */,
			);
			defaultConfigurationIsVisible = 0;
			defaultConfigurationName = Release;
		};
		7D54109E277A04740064512F /* Build configuration list for PBXNativeTarget "GayNYCUITests" */ = {
			isa = XCConfigurationList;
			buildConfigurations = (
				7D54109F277A04740064512F /* Debug */,
				7D5410A0277A04740064512F /* Release */,
			);
			defaultConfigurationIsVisible = 0;
			defaultConfigurationName = Release;
		};
/* End XCConfigurationList section */
	};
	rootObject = 7D54106C277A04730064512F /* Project object */;
}
